// !$*UTF8*$!
{
	archiveVersion = 1;
	classes = {
	};
	objectVersion = 50;
	objects = {

/* Begin PBXBuildFile section */
		2404C914238B26EE00F9EC15 /* AppDelegate.swift in Sources */ = {isa = PBXBuildFile; fileRef = 2404C913238B26EE00F9EC15 /* AppDelegate.swift */; };
		2404C916238B26EE00F9EC15 /* SceneDelegate.swift in Sources */ = {isa = PBXBuildFile; fileRef = 2404C915238B26EE00F9EC15 /* SceneDelegate.swift */; };
		2404C918238B26EE00F9EC15 /* ContentView.swift in Sources */ = {isa = PBXBuildFile; fileRef = 2404C917238B26EE00F9EC15 /* ContentView.swift */; };
		2404C91A238B26F000F9EC15 /* Assets.xcassets in Resources */ = {isa = PBXBuildFile; fileRef = 2404C919238B26F000F9EC15 /* Assets.xcassets */; };
		2404C91D238B26F000F9EC15 /* Preview Assets.xcassets in Resources */ = {isa = PBXBuildFile; fileRef = 2404C91C238B26F000F9EC15 /* Preview Assets.xcassets */; };
		2404C920238B26F100F9EC15 /* LaunchScreen.storyboard in Resources */ = {isa = PBXBuildFile; fileRef = 2404C91E238B26F100F9EC15 /* LaunchScreen.storyboard */; };
		240FE77E23A557C700FEEA0C /* FuelConverter.swift in Sources */ = {isa = PBXBuildFile; fileRef = 240FE77D23A557C700FEEA0C /* FuelConverter.swift */; };
		240FE78023A5589700FEEA0C /* UpliftCalculator.swift in Sources */ = {isa = PBXBuildFile; fileRef = 240FE77F23A5589700FEEA0C /* UpliftCalculator.swift */; };
/* End PBXBuildFile section */

/* Begin PBXFileReference section */
		2404C910238B26EE00F9EC15 /* AeroFuel.app */ = {isa = PBXFileReference; explicitFileType = wrapper.application; includeInIndex = 0; path = AeroFuel.app; sourceTree = BUILT_PRODUCTS_DIR; };
		2404C913238B26EE00F9EC15 /* AppDelegate.swift */ = {isa = PBXFileReference; lastKnownFileType = sourcecode.swift; path = AppDelegate.swift; sourceTree = "<group>"; };
		2404C915238B26EE00F9EC15 /* SceneDelegate.swift */ = {isa = PBXFileReference; lastKnownFileType = sourcecode.swift; path = SceneDelegate.swift; sourceTree = "<group>"; };
		2404C917238B26EE00F9EC15 /* ContentView.swift */ = {isa = PBXFileReference; lastKnownFileType = sourcecode.swift; path = ContentView.swift; sourceTree = "<group>"; };
		2404C919238B26F000F9EC15 /* Assets.xcassets */ = {isa = PBXFileReference; lastKnownFileType = folder.assetcatalog; path = Assets.xcassets; sourceTree = "<group>"; };
		2404C91C238B26F000F9EC15 /* Preview Assets.xcassets */ = {isa = PBXFileReference; lastKnownFileType = folder.assetcatalog; path = "Preview Assets.xcassets"; sourceTree = "<group>"; };
		2404C91F238B26F100F9EC15 /* Base */ = {isa = PBXFileReference; lastKnownFileType = file.storyboard; name = Base; path = Base.lproj/LaunchScreen.storyboard; sourceTree = "<group>"; };
		2404C921238B26F100F9EC15 /* Info.plist */ = {isa = PBXFileReference; lastKnownFileType = text.plist.xml; path = Info.plist; sourceTree = "<group>"; };
		240FE77D23A557C700FEEA0C /* FuelConverter.swift */ = {isa = PBXFileReference; lastKnownFileType = sourcecode.swift; path = FuelConverter.swift; sourceTree = "<group>"; };
		240FE77F23A5589700FEEA0C /* UpliftCalculator.swift */ = {isa = PBXFileReference; lastKnownFileType = sourcecode.swift; path = UpliftCalculator.swift; sourceTree = "<group>"; };
/* End PBXFileReference section */

/* Begin PBXFrameworksBuildPhase section */
		2404C90D238B26EE00F9EC15 /* Frameworks */ = {
			isa = PBXFrameworksBuildPhase;
			buildActionMask = 2147483647;
			files = (
			);
			runOnlyForDeploymentPostprocessing = 0;
		};
/* End PBXFrameworksBuildPhase section */

/* Begin PBXGroup section */
		2404C907238B26EE00F9EC15 = {
			isa = PBXGroup;
			children = (
				2404C912238B26EE00F9EC15 /* Corporate Fuel Calculator */,
				2404C911238B26EE00F9EC15 /* Products */,
			);
			sourceTree = "<group>";
		};
		2404C911238B26EE00F9EC15 /* Products */ = {
			isa = PBXGroup;
			children = (
				2404C910238B26EE00F9EC15 /* AeroFuel.app */,
			);
			name = Products;
			sourceTree = "<group>";
		};
		2404C912238B26EE00F9EC15 /* Corporate Fuel Calculator */ = {
			isa = PBXGroup;
			children = (
				240FE78123A559A200FEEA0C /* Uplift Calculator */,
				2404C913238B26EE00F9EC15 /* AppDelegate.swift */,
				2404C915238B26EE00F9EC15 /* SceneDelegate.swift */,
				2404C917238B26EE00F9EC15 /* ContentView.swift */,
				240FE77D23A557C700FEEA0C /* FuelConverter.swift */,
				2404C919238B26F000F9EC15 /* Assets.xcassets */,
				2404C91E238B26F100F9EC15 /* LaunchScreen.storyboard */,
				2404C921238B26F100F9EC15 /* Info.plist */,
				2404C91B238B26F000F9EC15 /* Preview Content */,
			);
			path = "Corporate Fuel Calculator";
			sourceTree = "<group>";
		};
		2404C91B238B26F000F9EC15 /* Preview Content */ = {
			isa = PBXGroup;
			children = (
				2404C91C238B26F000F9EC15 /* Preview Assets.xcassets */,
			);
			path = "Preview Content";
			sourceTree = "<group>";
		};
		240FE78123A559A200FEEA0C /* Uplift Calculator */ = {
			isa = PBXGroup;
			children = (
				240FE77F23A5589700FEEA0C /* UpliftCalculator.swift */,
			);
			path = "Uplift Calculator";
			sourceTree = "<group>";
		};
/* End PBXGroup section */

/* Begin PBXNativeTarget section */
		2404C90F238B26EE00F9EC15 /* Corporate Fuel Calculator */ = {
			isa = PBXNativeTarget;
			buildConfigurationList = 2404C924238B26F100F9EC15 /* Build configuration list for PBXNativeTarget "Corporate Fuel Calculator" */;
			buildPhases = (
				2404C90C238B26EE00F9EC15 /* Sources */,
				2404C90D238B26EE00F9EC15 /* Frameworks */,
				2404C90E238B26EE00F9EC15 /* Resources */,
			);
			buildRules = (
			);
			dependencies = (
			);
			name = "Corporate Fuel Calculator";
			productName = "Corporate Fuel Calculator";
			productReference = 2404C910238B26EE00F9EC15 /* AeroFuel.app */;
			productType = "com.apple.product-type.application";
		};
/* End PBXNativeTarget section */

/* Begin PBXProject section */
		2404C908238B26EE00F9EC15 /* Project object */ = {
			isa = PBXProject;
			attributes = {
				LastSwiftUpdateCheck = 1120;
				LastUpgradeCheck = 1120;
				ORGANIZATIONNAME = "Derrick Hodges";
				TargetAttributes = {
					2404C90F238B26EE00F9EC15 = {
						CreatedOnToolsVersion = 11.2.1;
					};
				};
			};
			buildConfigurationList = 2404C90B238B26EE00F9EC15 /* Build configuration list for PBXProject "Corporate Fuel Calculator" */;
			compatibilityVersion = "Xcode 9.3";
			developmentRegion = en;
			hasScannedForEncodings = 0;
			knownRegions = (
				en,
				Base,
			);
			mainGroup = 2404C907238B26EE00F9EC15;
			productRefGroup = 2404C911238B26EE00F9EC15 /* Products */;
			projectDirPath = "";
			projectRoot = "";
			targets = (
				2404C90F238B26EE00F9EC15 /* Corporate Fuel Calculator */,
			);
		};
/* End PBXProject section */

/* Begin PBXResourcesBuildPhase section */
		2404C90E238B26EE00F9EC15 /* Resources */ = {
			isa = PBXResourcesBuildPhase;
			buildActionMask = 2147483647;
			files = (
				2404C920238B26F100F9EC15 /* LaunchScreen.storyboard in Resources */,
				2404C91D238B26F000F9EC15 /* Preview Assets.xcassets in Resources */,
				2404C91A238B26F000F9EC15 /* Assets.xcassets in Resources */,
			);
			runOnlyForDeploymentPostprocessing = 0;
		};
/* End PBXResourcesBuildPhase section */

/* Begin PBXSourcesBuildPhase section */
		2404C90C238B26EE00F9EC15 /* Sources */ = {
			isa = PBXSourcesBuildPhase;
			buildActionMask = 2147483647;
			files = (
				2404C914238B26EE00F9EC15 /* AppDelegate.swift in Sources */,
				2404C916238B26EE00F9EC15 /* SceneDelegate.swift in Sources */,
				240FE78023A5589700FEEA0C /* UpliftCalculator.swift in Sources */,
				240FE77E23A557C700FEEA0C /* FuelConverter.swift in Sources */,
				2404C918238B26EE00F9EC15 /* ContentView.swift in Sources */,
			);
			runOnlyForDeploymentPostprocessing = 0;
		};
/* End PBXSourcesBuildPhase section */

/* Begin PBXVariantGroup section */
		2404C91E238B26F100F9EC15 /* LaunchScreen.storyboard */ = {
			isa = PBXVariantGroup;
			children = (
				2404C91F238B26F100F9EC15 /* Base */,
			);
			name = LaunchScreen.storyboard;
			sourceTree = "<group>";
		};
/* End PBXVariantGroup section */

/* Begin XCBuildConfiguration section */
		2404C922238B26F100F9EC15 /* Debug */ = {
			isa = XCBuildConfiguration;
			buildSettings = {
				ALWAYS_SEARCH_USER_PATHS = NO;
				CLANG_ANALYZER_NONNULL = YES;
				CLANG_ANALYZER_NUMBER_OBJECT_CONVERSION = YES_AGGRESSIVE;
				CLANG_CXX_LANGUAGE_STANDARD = "gnu++14";
				CLANG_CXX_LIBRARY = "libc++";
				CLANG_ENABLE_MODULES = YES;
				CLANG_ENABLE_OBJC_ARC = YES;
				CLANG_ENABLE_OBJC_WEAK = YES;
				CLANG_WARN_BLOCK_CAPTURE_AUTORELEASING = YES;
				CLANG_WARN_BOOL_CONVERSION = YES;
				CLANG_WARN_COMMA = YES;
				CLANG_WARN_CONSTANT_CONVERSION = YES;
				CLANG_WARN_DEPRECATED_OBJC_IMPLEMENTATIONS = YES;
				CLANG_WARN_DIRECT_OBJC_ISA_USAGE = YES_ERROR;
				CLANG_WARN_DOCUMENTATION_COMMENTS = YES;
				CLANG_WARN_EMPTY_BODY = YES;
				CLANG_WARN_ENUM_CONVERSION = YES;
				CLANG_WARN_INFINITE_RECURSION = YES;
				CLANG_WARN_INT_CONVERSION = YES;
				CLANG_WARN_NON_LITERAL_NULL_CONVERSION = YES;
				CLANG_WARN_OBJC_IMPLICIT_RETAIN_SELF = YES;
				CLANG_WARN_OBJC_LITERAL_CONVERSION = YES;
				CLANG_WARN_OBJC_ROOT_CLASS = YES_ERROR;
				CLANG_WARN_RANGE_LOOP_ANALYSIS = YES;
				CLANG_WARN_STRICT_PROTOTYPES = YES;
				CLANG_WARN_SUSPICIOUS_MOVE = YES;
				CLANG_WARN_UNGUARDED_AVAILABILITY = YES_AGGRESSIVE;
				CLANG_WARN_UNREACHABLE_CODE = YES;
				CLANG_WARN__DUPLICATE_METHOD_MATCH = YES;
				COPY_PHASE_STRIP = NO;
				DEBUG_INFORMATION_FORMAT = dwarf;
				ENABLE_STRICT_OBJC_MSGSEND = YES;
				ENABLE_TESTABILITY = YES;
				GCC_C_LANGUAGE_STANDARD = gnu11;
				GCC_DYNAMIC_NO_PIC = NO;
				GCC_NO_COMMON_BLOCKS = YES;
				GCC_OPTIMIZATION_LEVEL = 0;
				GCC_PREPROCESSOR_DEFINITIONS = (
					"DEBUG=1",
					"$(inherited)",
				);
				GCC_WARN_64_TO_32_BIT_CONVERSION = YES;
				GCC_WARN_ABOUT_RETURN_TYPE = YES_ERROR;
				GCC_WARN_UNDECLARED_SELECTOR = YES;
				GCC_WARN_UNINITIALIZED_AUTOS = YES_AGGRESSIVE;
				GCC_WARN_UNUSED_FUNCTION = YES;
				GCC_WARN_UNUSED_VARIABLE = YES;
				IPHONEOS_DEPLOYMENT_TARGET = 13.2;
				MTL_ENABLE_DEBUG_INFO = INCLUDE_SOURCE;
				MTL_FAST_MATH = YES;
				ONLY_ACTIVE_ARCH = YES;
				SDKROOT = iphoneos;
				SWIFT_ACTIVE_COMPILATION_CONDITIONS = DEBUG;
				SWIFT_OPTIMIZATION_LEVEL = "-Onone";
			};
			name = Debug;
		};
		2404C923238B26F100F9EC15 /* Release */ = {
			isa = XCBuildConfiguration;
			buildSettings = {
				ALWAYS_SEARCH_USER_PATHS = NO;
				CLANG_ANALYZER_NONNULL = YES;
				CLANG_ANALYZER_NUMBER_OBJECT_CONVERSION = YES_AGGRESSIVE;
				CLANG_CXX_LANGUAGE_STANDARD = "gnu++14";
				CLANG_CXX_LIBRARY = "libc++";
				CLANG_ENABLE_MODULES = YES;
				CLANG_ENABLE_OBJC_ARC = YES;
				CLANG_ENABLE_OBJC_WEAK = YES;
				CLANG_WARN_BLOCK_CAPTURE_AUTORELEASING = YES;
				CLANG_WARN_BOOL_CONVERSION = YES;
				CLANG_WARN_COMMA = YES;
				CLANG_WARN_CONSTANT_CONVERSION = YES;
				CLANG_WARN_DEPRECATED_OBJC_IMPLEMENTATIONS = YES;
				CLANG_WARN_DIRECT_OBJC_ISA_USAGE = YES_ERROR;
				CLANG_WARN_DOCUMENTATION_COMMENTS = YES;
				CLANG_WARN_EMPTY_BODY = YES;
				CLANG_WARN_ENUM_CONVERSION = YES;
				CLANG_WARN_INFINITE_RECURSION = YES;
				CLANG_WARN_INT_CONVERSION = YES;
				CLANG_WARN_NON_LITERAL_NULL_CONVERSION = YES;
				CLANG_WARN_OBJC_IMPLICIT_RETAIN_SELF = YES;
				CLANG_WARN_OBJC_LITERAL_CONVERSION = YES;
				CLANG_WARN_OBJC_ROOT_CLASS = YES_ERROR;
				CLANG_WARN_RANGE_LOOP_ANALYSIS = YES;
				CLANG_WARN_STRICT_PROTOTYPES = YES;
				CLANG_WARN_SUSPICIOUS_MOVE = YES;
				CLANG_WARN_UNGUARDED_AVAILABILITY = YES_AGGRESSIVE;
				CLANG_WARN_UNREACHABLE_CODE = YES;
				CLANG_WARN__DUPLICATE_METHOD_MATCH = YES;
				COPY_PHASE_STRIP = NO;
				DEBUG_INFORMATION_FORMAT = "dwarf-with-dsym";
				ENABLE_NS_ASSERTIONS = NO;
				ENABLE_STRICT_OBJC_MSGSEND = YES;
				GCC_C_LANGUAGE_STANDARD = gnu11;
				GCC_NO_COMMON_BLOCKS = YES;
				GCC_WARN_64_TO_32_BIT_CONVERSION = YES;
				GCC_WARN_ABOUT_RETURN_TYPE = YES_ERROR;
				GCC_WARN_UNDECLARED_SELECTOR = YES;
				GCC_WARN_UNINITIALIZED_AUTOS = YES_AGGRESSIVE;
				GCC_WARN_UNUSED_FUNCTION = YES;
				GCC_WARN_UNUSED_VARIABLE = YES;
				IPHONEOS_DEPLOYMENT_TARGET = 13.2;
				MTL_ENABLE_DEBUG_INFO = NO;
				MTL_FAST_MATH = YES;
				SDKROOT = iphoneos;
				SWIFT_COMPILATION_MODE = wholemodule;
				SWIFT_OPTIMIZATION_LEVEL = "-O";
				VALIDATE_PRODUCT = YES;
			};
			name = Release;
		};
		2404C925238B26F100F9EC15 /* Debug */ = {
			isa = XCBuildConfiguration;
			buildSettings = {
				ASSETCATALOG_COMPILER_APPICON_NAME = AppIcon;
				CODE_SIGN_STYLE = Automatic;
				CURRENT_PROJECT_VERSION = 3;
				DEVELOPMENT_ASSET_PATHS = "\"Corporate Fuel Calculator/Preview Content\"";
				DEVELOPMENT_TEAM = 52YFV3CQQ2;
				ENABLE_PREVIEWS = YES;
				INFOPLIST_FILE = "Corporate Fuel Calculator/Info.plist";
				LD_RUNPATH_SEARCH_PATHS = (
					"$(inherited)",
					"@executable_path/Frameworks",
				);
				PRODUCT_BUNDLE_IDENTIFIER = com.myalohaspirit.AeroFueler;
				PRODUCT_NAME = AeroFuel;
				SWIFT_VERSION = 5.0;
				TARGETED_DEVICE_FAMILY = 1;
			};
			name = Debug;
		};
		2404C926238B26F100F9EC15 /* Release */ = {
			isa = XCBuildConfiguration;
			buildSettings = {
				ASSETCATALOG_COMPILER_APPICON_NAME = AppIcon;
				CODE_SIGN_STYLE = Automatic;
				CURRENT_PROJECT_VERSION = 3;
				DEVELOPMENT_ASSET_PATHS = "\"Corporate Fuel Calculator/Preview Content\"";
				DEVELOPMENT_TEAM = 52YFV3CQQ2;
				ENABLE_PREVIEWS = YES;
				INFOPLIST_FILE = "Corporate Fuel Calculator/Info.plist";
				LD_RUNPATH_SEARCH_PATHS = (
					"$(inherited)",
					"@executable_path/Frameworks",
				);
				PRODUCT_BUNDLE_IDENTIFIER = com.myalohaspirit.AeroFueler;
				PRODUCT_NAME = AeroFuel;
				SWIFT_VERSION = 5.0;
				TARGETED_DEVICE_FAMILY = 1;
			};
			name = Release;
		};
/* End XCBuildConfiguration section */

/* Begin XCConfigurationList section */
		2404C90B238B26EE00F9EC15 /* Build configuration list for PBXProject "Corporate Fuel Calculator" */ = {
			isa = XCConfigurationList;
			buildConfigurations = (
				2404C922238B26F100F9EC15 /* Debug */,
				2404C923238B26F100F9EC15 /* Release */,
			);
			defaultConfigurationIsVisible = 0;
			defaultConfigurationName = Release;
		};
		2404C924238B26F100F9EC15 /* Build configuration list for PBXNativeTarget "Corporate Fuel Calculator" */ = {
			isa = XCConfigurationList;
			buildConfigurations = (
				2404C925238B26F100F9EC15 /* Debug */,
				2404C926238B26F100F9EC15 /* Release */,
			);
			defaultConfigurationIsVisible = 0;
			defaultConfigurationName = Release;
		};
/* End XCConfigurationList section */
	};
	rootObject = 2404C908238B26EE00F9EC15 /* Project object */;
}
